
Microsoft Visual Studio Solution File, Format Version 12.00
# Visual Studio Version 17
VisualStudioVersion = 17.4.33205.214
MinimumVisualStudioVersion = 10.0.40219.1
Project("{FAE04EC0-301F-11D3-BF4B-00C04F79EFBC}") = "FileGenerator", "FileGenerator\FileGenerator.csproj", "{BE2E11B8-282A-432E-9E39-8C3190548BF5}"
EndProject
Project("{FAE04EC0-301F-11D3-BF4B-00C04F79EFBC}") = "MergeSort", "MergeSort\MergeSort.csproj", "{98DB14A8-4F99-4C9A-900B-4A3720AEFCBE}"
EndProject
Global
	GlobalSection(SolutionConfigurationPlatforms) = preSolution
		Debug|Any CPU = Debug|Any CPU
		Release|Any CPU = Release|Any CPU
	EndGlobalSection
	GlobalSection(ProjectConfigurationPlatforms) = postSolution
		{BE2E11B8-282A-432E-9E39-8C3190548BF5}.Debug|Any CPU.ActiveCfg = Debug|Any CPU
		{BE2E11B8-282A-432E-9E39-8C3190548BF5}.Debug|Any CPU.Build.0 = Debug|Any CPU
		{BE2E11B8-282A-432E-9E39-8C3190548BF5}.Release|Any CPU.ActiveCfg = Release|Any CPU
		{BE2E11B8-282A-432E-9E39-8C3190548BF5}.Release|Any CPU.Build.0 = Release|Any CPU
		{98DB14A8-4F99-4C9A-900B-4A3720AEFCBE}.Debug|Any CPU.ActiveCfg = Debug|Any CPU
		{98DB14A8-4F99-4C9A-900B-4A3720AEFCBE}.Debug|Any CPU.Build.0 = Debug|Any CPU
		{98DB14A8-4F99-4C9A-900B-4A3720AEFCBE}.Release|Any CPU.ActiveCfg = Release|Any CPU
		{98DB14A8-4F99-4C9A-900B-4A3720AEFCBE}.Release|Any CPU.Build.0 = Release|Any CPU
	EndGlobalSection
	GlobalSection(SolutionProperties) = preSolution
		HideSolutionNode = FALSE
	EndGlobalSection
	GlobalSection(ExtensibilityGlobals) = postSolution
		SolutionGuid = {CB06ABC4-B41C-473E-B763-A7E9FD7FCDA7}
	EndGlobalSection
EndGlobal
